// !$*UTF8*$!
{
	archiveVersion = 1;
	classes = {
	};
	objectVersion = 50;
	objects = {

/* Begin PBXBuildFile section */
		17FE6E47DE27CBF4D7653FDD /* Pods_DemoWikiSearchTests.framework in Frameworks */ = {isa = PBXBuildFile; fileRef = 96F3A084B52FCA8AD45B320A /* Pods_DemoWikiSearchTests.framework */; };
		4D79103A5DD3C0745BE6B4C6 /* Pods_DemoWikiSearchUITests.framework in Frameworks */ = {isa = PBXBuildFile; fileRef = A64467B4BEB78B7AD4EDF332 /* Pods_DemoWikiSearchUITests.framework */; };
		6D53E21790EC2EB3E8582F25 /* Pods_DemoWikiSearch.framework in Frameworks */ = {isa = PBXBuildFile; fileRef = B933781300B741E5B70E3792 /* Pods_DemoWikiSearch.framework */; };
		6E254DBB210494010026FED7 /* AppDelegate.swift in Sources */ = {isa = PBXBuildFile; fileRef = 6E254DBA210494010026FED7 /* AppDelegate.swift */; };
		6E254DBD210494010026FED7 /* ViewController.swift in Sources */ = {isa = PBXBuildFile; fileRef = 6E254DBC210494010026FED7 /* ViewController.swift */; };
		6E254DC0210494010026FED7 /* Main.storyboard in Resources */ = {isa = PBXBuildFile; fileRef = 6E254DBE210494010026FED7 /* Main.storyboard */; };
		6E254DC3210494010026FED7 /* DemoWikiSearch.xcdatamodeld in Sources */ = {isa = PBXBuildFile; fileRef = 6E254DC1210494010026FED7 /* DemoWikiSearch.xcdatamodeld */; };
		6E254DC5210494030026FED7 /* Assets.xcassets in Resources */ = {isa = PBXBuildFile; fileRef = 6E254DC4210494030026FED7 /* Assets.xcassets */; };
		6E254DC8210494030026FED7 /* LaunchScreen.storyboard in Resources */ = {isa = PBXBuildFile; fileRef = 6E254DC6210494030026FED7 /* LaunchScreen.storyboard */; };
		6E254DD3210494030026FED7 /* DemoWikiSearchTests.swift in Sources */ = {isa = PBXBuildFile; fileRef = 6E254DD2210494030026FED7 /* DemoWikiSearchTests.swift */; };
		6E254DDE210494030026FED7 /* DemoWikiSearchUITests.swift in Sources */ = {isa = PBXBuildFile; fileRef = 6E254DDD210494030026FED7 /* DemoWikiSearchUITests.swift */; };
		6EFBD4452105233800D1080B /* APIManager.swift in Sources */ = {isa = PBXBuildFile; fileRef = 6EFBD4442105233800D1080B /* APIManager.swift */; };
		6EFBD4472105356200D1080B /* Page.swift in Sources */ = {isa = PBXBuildFile; fileRef = 6EFBD4462105356200D1080B /* Page.swift */; };
		6EFBD4492105474700D1080B /* WikiSearchTableViewCell.swift in Sources */ = {isa = PBXBuildFile; fileRef = 6EFBD4482105474700D1080B /* WikiSearchTableViewCell.swift */; };
		6EFBD44B21054AAD00D1080B /* WikiWebViewController.swift in Sources */ = {isa = PBXBuildFile; fileRef = 6EFBD44A21054AAD00D1080B /* WikiWebViewController.swift */; };
/* End PBXBuildFile section */

/* Begin PBXContainerItemProxy section */
		6E254DCF210494030026FED7 /* PBXContainerItemProxy */ = {
			isa = PBXContainerItemProxy;
			containerPortal = 6E254DAF210494010026FED7 /* Project object */;
			proxyType = 1;
			remoteGlobalIDString = 6E254DB6210494010026FED7;
			remoteInfo = DemoWikiSearch;
		};
		6E254DDA210494030026FED7 /* PBXContainerItemProxy */ = {
			isa = PBXContainerItemProxy;
			containerPortal = 6E254DAF210494010026FED7 /* Project object */;
			proxyType = 1;
			remoteGlobalIDString = 6E254DB6210494010026FED7;
			remoteInfo = DemoWikiSearch;
		};
/* End PBXContainerItemProxy section */

/* Begin PBXFileReference section */
		2B67CED1F7C0CA006BF467DB /* Pods-DemoWikiSearchUITests.debug.xcconfig */ = {isa = PBXFileReference; includeInIndex = 1; lastKnownFileType = text.xcconfig; name = "Pods-DemoWikiSearchUITests.debug.xcconfig"; path = "Pods/Target Support Files/Pods-DemoWikiSearchUITests/Pods-DemoWikiSearchUITests.debug.xcconfig"; sourceTree = "<group>"; };
		52677A329604709A53D199C8 /* Pods-DemoWikiSearchUITests.release.xcconfig */ = {isa = PBXFileReference; includeInIndex = 1; lastKnownFileType = text.xcconfig; name = "Pods-DemoWikiSearchUITests.release.xcconfig"; path = "Pods/Target Support Files/Pods-DemoWikiSearchUITests/Pods-DemoWikiSearchUITests.release.xcconfig"; sourceTree = "<group>"; };
		5539D6369EF4194FD91C1CC3 /* Pods-DemoWikiSearchTests.debug.xcconfig */ = {isa = PBXFileReference; includeInIndex = 1; lastKnownFileType = text.xcconfig; name = "Pods-DemoWikiSearchTests.debug.xcconfig"; path = "Pods/Target Support Files/Pods-DemoWikiSearchTests/Pods-DemoWikiSearchTests.debug.xcconfig"; sourceTree = "<group>"; };
		6CE2E96ACAB6D7B5D6E6F2F1 /* Pods-DemoWikiSearch.release.xcconfig */ = {isa = PBXFileReference; includeInIndex = 1; lastKnownFileType = text.xcconfig; name = "Pods-DemoWikiSearch.release.xcconfig"; path = "Pods/Target Support Files/Pods-DemoWikiSearch/Pods-DemoWikiSearch.release.xcconfig"; sourceTree = "<group>"; };
		6E254DB7210494010026FED7 /* DemoWikiSearch.app */ = {isa = PBXFileReference; explicitFileType = wrapper.application; includeInIndex = 0; path = DemoWikiSearch.app; sourceTree = BUILT_PRODUCTS_DIR; };
		6E254DBA210494010026FED7 /* AppDelegate.swift */ = {isa = PBXFileReference; lastKnownFileType = sourcecode.swift; path = AppDelegate.swift; sourceTree = "<group>"; };
		6E254DBC210494010026FED7 /* ViewController.swift */ = {isa = PBXFileReference; lastKnownFileType = sourcecode.swift; path = ViewController.swift; sourceTree = "<group>"; };
		6E254DBF210494010026FED7 /* Base */ = {isa = PBXFileReference; lastKnownFileType = file.storyboard; name = Base; path = Base.lproj/Main.storyboard; sourceTree = "<group>"; };
		6E254DC2210494010026FED7 /* DemoWikiSearch.xcdatamodel */ = {isa = PBXFileReference; lastKnownFileType = wrapper.xcdatamodel; path = DemoWikiSearch.xcdatamodel; sourceTree = "<group>"; };
		6E254DC4210494030026FED7 /* Assets.xcassets */ = {isa = PBXFileReference; lastKnownFileType = folder.assetcatalog; path = Assets.xcassets; sourceTree = "<group>"; };
		6E254DC7210494030026FED7 /* Base */ = {isa = PBXFileReference; lastKnownFileType = file.storyboard; name = Base; path = Base.lproj/LaunchScreen.storyboard; sourceTree = "<group>"; };
		6E254DC9210494030026FED7 /* Info.plist */ = {isa = PBXFileReference; lastKnownFileType = text.plist.xml; path = Info.plist; sourceTree = "<group>"; };
		6E254DCE210494030026FED7 /* DemoWikiSearchTests.xctest */ = {isa = PBXFileReference; explicitFileType = wrapper.cfbundle; includeInIndex = 0; path = DemoWikiSearchTests.xctest; sourceTree = BUILT_PRODUCTS_DIR; };
		6E254DD2210494030026FED7 /* DemoWikiSearchTests.swift */ = {isa = PBXFileReference; lastKnownFileType = sourcecode.swift; path = DemoWikiSearchTests.swift; sourceTree = "<group>"; };
		6E254DD4210494030026FED7 /* Info.plist */ = {isa = PBXFileReference; lastKnownFileType = text.plist.xml; path = Info.plist; sourceTree = "<group>"; };
		6E254DD9210494030026FED7 /* DemoWikiSearchUITests.xctest */ = {isa = PBXFileReference; explicitFileType = wrapper.cfbundle; includeInIndex = 0; path = DemoWikiSearchUITests.xctest; sourceTree = BUILT_PRODUCTS_DIR; };
		6E254DDD210494030026FED7 /* DemoWikiSearchUITests.swift */ = {isa = PBXFileReference; lastKnownFileType = sourcecode.swift; path = DemoWikiSearchUITests.swift; sourceTree = "<group>"; };
		6E254DDF210494030026FED7 /* Info.plist */ = {isa = PBXFileReference; lastKnownFileType = text.plist.xml; path = Info.plist; sourceTree = "<group>"; };
		6EFBD4442105233800D1080B /* APIManager.swift */ = {isa = PBXFileReference; lastKnownFileType = sourcecode.swift; path = APIManager.swift; sourceTree = "<group>"; };
		6EFBD4462105356200D1080B /* Page.swift */ = {isa = PBXFileReference; lastKnownFileType = sourcecode.swift; path = Page.swift; sourceTree = "<group>"; };
		6EFBD4482105474700D1080B /* WikiSearchTableViewCell.swift */ = {isa = PBXFileReference; lastKnownFileType = sourcecode.swift; path = WikiSearchTableViewCell.swift; sourceTree = "<group>"; };
		6EFBD44A21054AAD00D1080B /* WikiWebViewController.swift */ = {isa = PBXFileReference; lastKnownFileType = sourcecode.swift; path = WikiWebViewController.swift; sourceTree = "<group>"; };
		96F3A084B52FCA8AD45B320A /* Pods_DemoWikiSearchTests.framework */ = {isa = PBXFileReference; explicitFileType = wrapper.framework; includeInIndex = 0; path = Pods_DemoWikiSearchTests.framework; sourceTree = BUILT_PRODUCTS_DIR; };
		9DB557F73CBCC054B2C4A449 /* Pods-DemoWikiSearchTests.release.xcconfig */ = {isa = PBXFileReference; includeInIndex = 1; lastKnownFileType = text.xcconfig; name = "Pods-DemoWikiSearchTests.release.xcconfig"; path = "Pods/Target Support Files/Pods-DemoWikiSearchTests/Pods-DemoWikiSearchTests.release.xcconfig"; sourceTree = "<group>"; };
		A64467B4BEB78B7AD4EDF332 /* Pods_DemoWikiSearchUITests.framework */ = {isa = PBXFileReference; explicitFileType = wrapper.framework; includeInIndex = 0; path = Pods_DemoWikiSearchUITests.framework; sourceTree = BUILT_PRODUCTS_DIR; };
		B933781300B741E5B70E3792 /* Pods_DemoWikiSearch.framework */ = {isa = PBXFileReference; explicitFileType = wrapper.framework; includeInIndex = 0; path = Pods_DemoWikiSearch.framework; sourceTree = BUILT_PRODUCTS_DIR; };
		F7D1BA10AC36A60E45B460C2 /* Pods-DemoWikiSearch.debug.xcconfig */ = {isa = PBXFileReference; includeInIndex = 1; lastKnownFileType = text.xcconfig; name = "Pods-DemoWikiSearch.debug.xcconfig"; path = "Pods/Target Support Files/Pods-DemoWikiSearch/Pods-DemoWikiSearch.debug.xcconfig"; sourceTree = "<group>"; };
/* End PBXFileReference section */

/* Begin PBXFrameworksBuildPhase section */
		6E254DB4210494010026FED7 /* Frameworks */ = {
			isa = PBXFrameworksBuildPhase;
			buildActionMask = 2147483647;
			files = (
				6D53E21790EC2EB3E8582F25 /* Pods_DemoWikiSearch.framework in Frameworks */,
			);
			runOnlyForDeploymentPostprocessing = 0;
		};
		6E254DCB210494030026FED7 /* Frameworks */ = {
			isa = PBXFrameworksBuildPhase;
			buildActionMask = 2147483647;
			files = (
				17FE6E47DE27CBF4D7653FDD /* Pods_DemoWikiSearchTests.framework in Frameworks */,
			);
			runOnlyForDeploymentPostprocessing = 0;
		};
		6E254DD6210494030026FED7 /* Frameworks */ = {
			isa = PBXFrameworksBuildPhase;
			buildActionMask = 2147483647;
			files = (
				4D79103A5DD3C0745BE6B4C6 /* Pods_DemoWikiSearchUITests.framework in Frameworks */,
			);
			runOnlyForDeploymentPostprocessing = 0;
		};
/* End PBXFrameworksBuildPhase section */

/* Begin PBXGroup section */
		6E254DAE210494010026FED7 = {
			isa = PBXGroup;
			children = (
				6E254DB9210494010026FED7 /* DemoWikiSearch */,
				6E254DD1210494030026FED7 /* DemoWikiSearchTests */,
				6E254DDC210494030026FED7 /* DemoWikiSearchUITests */,
				6E254DB8210494010026FED7 /* Products */,
				D76BFA25941044DB6DFD3E93 /* Pods */,
				CFE273940F2BB3C6C3F25D35 /* Frameworks */,
			);
			sourceTree = "<group>";
		};
		6E254DB8210494010026FED7 /* Products */ = {
			isa = PBXGroup;
			children = (
				6E254DB7210494010026FED7 /* DemoWikiSearch.app */,
				6E254DCE210494030026FED7 /* DemoWikiSearchTests.xctest */,
				6E254DD9210494030026FED7 /* DemoWikiSearchUITests.xctest */,
			);
			name = Products;
			sourceTree = "<group>";
		};
		6E254DB9210494010026FED7 /* DemoWikiSearch */ = {
			isa = PBXGroup;
			children = (
				6E254DBA210494010026FED7 /* AppDelegate.swift */,
				6EFBD4442105233800D1080B /* APIManager.swift */,
				6EFBD4462105356200D1080B /* Page.swift */,
				6E254DBC210494010026FED7 /* ViewController.swift */,
				6EFBD44A21054AAD00D1080B /* WikiWebViewController.swift */,
				6EFBD4482105474700D1080B /* WikiSearchTableViewCell.swift */,
				6E254DBE210494010026FED7 /* Main.storyboard */,
				6E254DC4210494030026FED7 /* Assets.xcassets */,
				6E254DC6210494030026FED7 /* LaunchScreen.storyboard */,
				6E254DC9210494030026FED7 /* Info.plist */,
				6E254DC1210494010026FED7 /* DemoWikiSearch.xcdatamodeld */,
			);
			path = DemoWikiSearch;
			sourceTree = "<group>";
		};
		6E254DD1210494030026FED7 /* DemoWikiSearchTests */ = {
			isa = PBXGroup;
			children = (
				6E254DD2210494030026FED7 /* DemoWikiSearchTests.swift */,
				6E254DD4210494030026FED7 /* Info.plist */,
			);
			path = DemoWikiSearchTests;
			sourceTree = "<group>";
		};
		6E254DDC210494030026FED7 /* DemoWikiSearchUITests */ = {
			isa = PBXGroup;
			children = (
				6E254DDD210494030026FED7 /* DemoWikiSearchUITests.swift */,
				6E254DDF210494030026FED7 /* Info.plist */,
			);
			path = DemoWikiSearchUITests;
			sourceTree = "<group>";
		};
		CFE273940F2BB3C6C3F25D35 /* Frameworks */ = {
			isa = PBXGroup;
			children = (
				B933781300B741E5B70E3792 /* Pods_DemoWikiSearch.framework */,
				96F3A084B52FCA8AD45B320A /* Pods_DemoWikiSearchTests.framework */,
				A64467B4BEB78B7AD4EDF332 /* Pods_DemoWikiSearchUITests.framework */,
			);
			name = Frameworks;
			sourceTree = "<group>";
		};
		D76BFA25941044DB6DFD3E93 /* Pods */ = {
			isa = PBXGroup;
			children = (
				F7D1BA10AC36A60E45B460C2 /* Pods-DemoWikiSearch.debug.xcconfig */,
				6CE2E96ACAB6D7B5D6E6F2F1 /* Pods-DemoWikiSearch.release.xcconfig */,
				5539D6369EF4194FD91C1CC3 /* Pods-DemoWikiSearchTests.debug.xcconfig */,
				9DB557F73CBCC054B2C4A449 /* Pods-DemoWikiSearchTests.release.xcconfig */,
				2B67CED1F7C0CA006BF467DB /* Pods-DemoWikiSearchUITests.debug.xcconfig */,
				52677A329604709A53D199C8 /* Pods-DemoWikiSearchUITests.release.xcconfig */,
			);
			name = Pods;
			sourceTree = "<group>";
		};
/* End PBXGroup section */

/* Begin PBXNativeTarget section */
		6E254DB6210494010026FED7 /* DemoWikiSearch */ = {
			isa = PBXNativeTarget;
			buildConfigurationList = 6E254DE2210494030026FED7 /* Build configuration list for PBXNativeTarget "DemoWikiSearch" */;
			buildPhases = (
				F3FCB3219E48C02AA62BD012 /* [CP] Check Pods Manifest.lock */,
				6E254DB3210494010026FED7 /* Sources */,
				6E254DB4210494010026FED7 /* Frameworks */,
				6E254DB5210494010026FED7 /* Resources */,
				2878EBA8E9FF25BEDC45DF66 /* [CP] Embed Pods Frameworks */,
			);
			buildRules = (
			);
			dependencies = (
			);
			name = DemoWikiSearch;
			productName = DemoWikiSearch;
			productReference = 6E254DB7210494010026FED7 /* DemoWikiSearch.app */;
			productType = "com.apple.product-type.application";
		};
		6E254DCD210494030026FED7 /* DemoWikiSearchTests */ = {
			isa = PBXNativeTarget;
			buildConfigurationList = 6E254DE5210494030026FED7 /* Build configuration list for PBXNativeTarget "DemoWikiSearchTests" */;
			buildPhases = (
				46B421F3AA5D62A4142176F8 /* [CP] Check Pods Manifest.lock */,
				6E254DCA210494030026FED7 /* Sources */,
				6E254DCB210494030026FED7 /* Frameworks */,
				6E254DCC210494030026FED7 /* Resources */,
			);
			buildRules = (
			);
			dependencies = (
				6E254DD0210494030026FED7 /* PBXTargetDependency */,
			);
			name = DemoWikiSearchTests;
			productName = DemoWikiSearchTests;
			productReference = 6E254DCE210494030026FED7 /* DemoWikiSearchTests.xctest */;
			productType = "com.apple.product-type.bundle.unit-test";
		};
		6E254DD8210494030026FED7 /* DemoWikiSearchUITests */ = {
			isa = PBXNativeTarget;
			buildConfigurationList = 6E254DE8210494030026FED7 /* Build configuration list for PBXNativeTarget "DemoWikiSearchUITests" */;
			buildPhases = (
				A5A7AD64F7045868C0AEF083 /* [CP] Check Pods Manifest.lock */,
				6E254DD5210494030026FED7 /* Sources */,
				6E254DD6210494030026FED7 /* Frameworks */,
				6E254DD7210494030026FED7 /* Resources */,
			);
			buildRules = (
			);
			dependencies = (
				6E254DDB210494030026FED7 /* PBXTargetDependency */,
			);
			name = DemoWikiSearchUITests;
			productName = DemoWikiSearchUITests;
			productReference = 6E254DD9210494030026FED7 /* DemoWikiSearchUITests.xctest */;
			productType = "com.apple.product-type.bundle.ui-testing";
		};
/* End PBXNativeTarget section */

/* Begin PBXProject section */
		6E254DAF210494010026FED7 /* Project object */ = {
			isa = PBXProject;
			attributes = {
				LastSwiftUpdateCheck = 1000;
				LastUpgradeCheck = 1000;
				ORGANIZATIONNAME = "Bharat Byan";
				TargetAttributes = {
					6E254DB6210494010026FED7 = {
						CreatedOnToolsVersion = 10.0;
					};
					6E254DCD210494030026FED7 = {
						CreatedOnToolsVersion = 10.0;
						TestTargetID = 6E254DB6210494010026FED7;
					};
					6E254DD8210494030026FED7 = {
						CreatedOnToolsVersion = 10.0;
						TestTargetID = 6E254DB6210494010026FED7;
					};
				};
			};
			buildConfigurationList = 6E254DB2210494010026FED7 /* Build configuration list for PBXProject "DemoWikiSearch" */;
			compatibilityVersion = "Xcode 9.3";
			developmentRegion = en;
			hasScannedForEncodings = 0;
			knownRegions = (
				en,
				Base,
			);
			mainGroup = 6E254DAE210494010026FED7;
			productRefGroup = 6E254DB8210494010026FED7 /* Products */;
			projectDirPath = "";
			projectRoot = "";
			targets = (
				6E254DB6210494010026FED7 /* DemoWikiSearch */,
				6E254DCD210494030026FED7 /* DemoWikiSearchTests */,
				6E254DD8210494030026FED7 /* DemoWikiSearchUITests */,
			);
		};
/* End PBXProject section */

/* Begin PBXResourcesBuildPhase section */
		6E254DB5210494010026FED7 /* Resources */ = {
			isa = PBXResourcesBuildPhase;
			buildActionMask = 2147483647;
			files = (
				6E254DC8210494030026FED7 /* LaunchScreen.storyboard in Resources */,
				6E254DC5210494030026FED7 /* Assets.xcassets in Resources */,
				6E254DC0210494010026FED7 /* Main.storyboard in Resources */,
			);
			runOnlyForDeploymentPostprocessing = 0;
		};
		6E254DCC210494030026FED7 /* Resources */ = {
			isa = PBXResourcesBuildPhase;
			buildActionMask = 2147483647;
			files = (
			);
			runOnlyForDeploymentPostprocessing = 0;
		};
		6E254DD7210494030026FED7 /* Resources */ = {
			isa = PBXResourcesBuildPhase;
			buildActionMask = 2147483647;
			files = (
			);
			runOnlyForDeploymentPostprocessing = 0;
		};
/* End PBXResourcesBuildPhase section */

/* Begin PBXShellScriptBuildPhase section */
		2878EBA8E9FF25BEDC45DF66 /* [CP] Embed Pods Frameworks */ = {
			isa = PBXShellScriptBuildPhase;
			buildActionMask = 2147483647;
			files = (
			);
			inputPaths = (
				"${SRCROOT}/Pods/Target Support Files/Pods-DemoWikiSearch/Pods-DemoWikiSearch-frameworks.sh",
				"${BUILT_PRODUCTS_DIR}/SwiftyJSON/SwiftyJSON.framework",
			);
			name = "[CP] Embed Pods Frameworks";
			outputPaths = (
				"${TARGET_BUILD_DIR}/${FRAMEWORKS_FOLDER_PATH}/SwiftyJSON.framework",
			);
			runOnlyForDeploymentPostprocessing = 0;
			shellPath = /bin/sh;
			shellScript = "\"${SRCROOT}/Pods/Target Support Files/Pods-DemoWikiSearch/Pods-DemoWikiSearch-frameworks.sh\"\n";
			showEnvVarsInLog = 0;
		};
		46B421F3AA5D62A4142176F8 /* [CP] Check Pods Manifest.lock */ = {
			isa = PBXShellScriptBuildPhase;
			buildActionMask = 2147483647;
			files = (
			);
			inputPaths = (
				"${PODS_PODFILE_DIR_PATH}/Podfile.lock",
				"${PODS_ROOT}/Manifest.lock",
			);
			name = "[CP] Check Pods Manifest.lock";
			outputPaths = (
				"$(DERIVED_FILE_DIR)/Pods-DemoWikiSearchTests-checkManifestLockResult.txt",
			);
			runOnlyForDeploymentPostprocessing = 0;
			shellPath = /bin/sh;
			shellScript = "diff \"${PODS_PODFILE_DIR_PATH}/Podfile.lock\" \"${PODS_ROOT}/Manifest.lock\" > /dev/null\nif [ $? != 0 ] ; then\n    # print error to STDERR\n    echo \"error: The sandbox is not in sync with the Podfile.lock. Run 'pod install' or update your CocoaPods installation.\" >&2\n    exit 1\nfi\n# This output is used by Xcode 'outputs' to avoid re-running this script phase.\necho \"SUCCESS\" > \"${SCRIPT_OUTPUT_FILE_0}\"\n";
			showEnvVarsInLog = 0;
		};
		A5A7AD64F7045868C0AEF083 /* [CP] Check Pods Manifest.lock */ = {
			isa = PBXShellScriptBuildPhase;
			buildActionMask = 2147483647;
			files = (
			);
			inputPaths = (
				"${PODS_PODFILE_DIR_PATH}/Podfile.lock",
				"${PODS_ROOT}/Manifest.lock",
			);
			name = "[CP] Check Pods Manifest.lock";
			outputPaths = (
				"$(DERIVED_FILE_DIR)/Pods-DemoWikiSearchUITests-checkManifestLockResult.txt",
			);
			runOnlyForDeploymentPostprocessing = 0;
			shellPath = /bin/sh;
			shellScript = "diff \"${PODS_PODFILE_DIR_PATH}/Podfile.lock\" \"${PODS_ROOT}/Manifest.lock\" > /dev/null\nif [ $? != 0 ] ; then\n    # print error to STDERR\n    echo \"error: The sandbox is not in sync with the Podfile.lock. Run 'pod install' or update your CocoaPods installation.\" >&2\n    exit 1\nfi\n# This output is used by Xcode 'outputs' to avoid re-running this script phase.\necho \"SUCCESS\" > \"${SCRIPT_OUTPUT_FILE_0}\"\n";
			showEnvVarsInLog = 0;
		};
		F3FCB3219E48C02AA62BD012 /* [CP] Check Pods Manifest.lock */ = {
			isa = PBXShellScriptBuildPhase;
			buildActionMask = 2147483647;
			files = (
			);
			inputPaths = (
				"${PODS_PODFILE_DIR_PATH}/Podfile.lock",
				"${PODS_ROOT}/Manifest.lock",
			);
			name = "[CP] Check Pods Manifest.lock";
			outputPaths = (
				"$(DERIVED_FILE_DIR)/Pods-DemoWikiSearch-checkManifestLockResult.txt",
			);
			runOnlyForDeploymentPostprocessing = 0;
			shellPath = /bin/sh;
			shellScript = "diff \"${PODS_PODFILE_DIR_PATH}/Podfile.lock\" \"${PODS_ROOT}/Manifest.lock\" > /dev/null\nif [ $? != 0 ] ; then\n    # print error to STDERR\n    echo \"error: The sandbox is not in sync with the Podfile.lock. Run 'pod install' or update your CocoaPods installation.\" >&2\n    exit 1\nfi\n# This output is used by Xcode 'outputs' to avoid re-running this script phase.\necho \"SUCCESS\" > \"${SCRIPT_OUTPUT_FILE_0}\"\n";
			showEnvVarsInLog = 0;
		};
/* End PBXShellScriptBuildPhase section */

/* Begin PBXSourcesBuildPhase section */
		6E254DB3210494010026FED7 /* Sources */ = {
			isa = PBXSourcesBuildPhase;
			buildActionMask = 2147483647;
			files = (
				6EFBD4452105233800D1080B /* APIManager.swift in Sources */,
				6E254DBD210494010026FED7 /* ViewController.swift in Sources */,
				6E254DC3210494010026FED7 /* DemoWikiSearch.xcdatamodeld in Sources */,
				6EFBD4492105474700D1080B /* WikiSearchTableViewCell.swift in Sources */,
				6E254DBB210494010026FED7 /* AppDelegate.swift in Sources */,
				6EFBD4472105356200D1080B /* Page.swift in Sources */,
				6EFBD44B21054AAD00D1080B /* WikiWebViewController.swift in Sources */,
			);
			runOnlyForDeploymentPostprocessing = 0;
		};
		6E254DCA210494030026FED7 /* Sources */ = {
			isa = PBXSourcesBuildPhase;
			buildActionMask = 2147483647;
			files = (
				6E254DD3210494030026FED7 /* DemoWikiSearchTests.swift in Sources */,
			);
			runOnlyForDeploymentPostprocessing = 0;
		};
		6E254DD5210494030026FED7 /* Sources */ = {
			isa = PBXSourcesBuildPhase;
			buildActionMask = 2147483647;
			files = (
				6E254DDE210494030026FED7 /* DemoWikiSearchUITests.swift in Sources */,
			);
			runOnlyForDeploymentPostprocessing = 0;
		};
/* End PBXSourcesBuildPhase section */

/* Begin PBXTargetDependency section */
		6E254DD0210494030026FED7 /* PBXTargetDependency */ = {
			isa = PBXTargetDependency;
			target = 6E254DB6210494010026FED7 /* DemoWikiSearch */;
			targetProxy = 6E254DCF210494030026FED7 /* PBXContainerItemProxy */;
		};
		6E254DDB210494030026FED7 /* PBXTargetDependency */ = {
			isa = PBXTargetDependency;
			target = 6E254DB6210494010026FED7 /* DemoWikiSearch */;
			targetProxy = 6E254DDA210494030026FED7 /* PBXContainerItemProxy */;
		};
/* End PBXTargetDependency section */

/* Begin PBXVariantGroup section */
		6E254DBE210494010026FED7 /* Main.storyboard */ = {
			isa = PBXVariantGroup;
			children = (
				6E254DBF210494010026FED7 /* Base */,
			);
			name = Main.storyboard;
			sourceTree = "<group>";
		};
		6E254DC6210494030026FED7 /* LaunchScreen.storyboard */ = {
			isa = PBXVariantGroup;
			children = (
				6E254DC7210494030026FED7 /* Base */,
			);
			name = LaunchScreen.storyboard;
			sourceTree = "<group>";
		};
/* End PBXVariantGroup section */

/* Begin XCBuildConfiguration section */
		6E254DE0210494030026FED7 /* Debug */ = {
			isa = XCBuildConfiguration;
			buildSettings = {
				ALWAYS_SEARCH_USER_PATHS = NO;
				CLANG_ANALYZER_NONNULL = YES;
				CLANG_ANALYZER_NUMBER_OBJECT_CONVERSION = YES_AGGRESSIVE;
				CLANG_CXX_LANGUAGE_STANDARD = "gnu++14";
				CLANG_CXX_LIBRARY = "libc++";
				CLANG_ENABLE_MODULES = YES;
				CLANG_ENABLE_OBJC_ARC = YES;
				CLANG_ENABLE_OBJC_WEAK = YES;
				CLANG_WARN_BLOCK_CAPTURE_AUTORELEASING = YES;
				CLANG_WARN_BOOL_CONVERSION = YES;
				CLANG_WARN_COMMA = YES;
				CLANG_WARN_CONSTANT_CONVERSION = YES;
				CLANG_WARN_DEPRECATED_OBJC_IMPLEMENTATIONS = YES;
				CLANG_WARN_DIRECT_OBJC_ISA_USAGE = YES_ERROR;
				CLANG_WARN_DOCUMENTATION_COMMENTS = YES;
				CLANG_WARN_EMPTY_BODY = YES;
				CLANG_WARN_ENUM_CONVERSION = YES;
				CLANG_WARN_INFINITE_RECURSION = YES;
				CLANG_WARN_INT_CONVERSION = YES;
				CLANG_WARN_NON_LITERAL_NULL_CONVERSION = YES;
				CLANG_WARN_OBJC_IMPLICIT_RETAIN_SELF = YES;
				CLANG_WARN_OBJC_LITERAL_CONVERSION = YES;
				CLANG_WARN_OBJC_ROOT_CLASS = YES_ERROR;
				CLANG_WARN_RANGE_LOOP_ANALYSIS = YES;
				CLANG_WARN_STRICT_PROTOTYPES = YES;
				CLANG_WARN_SUSPICIOUS_MOVE = YES;
				CLANG_WARN_UNGUARDED_AVAILABILITY = YES_AGGRESSIVE;
				CLANG_WARN_UNREACHABLE_CODE = YES;
				CLANG_WARN__DUPLICATE_METHOD_MATCH = YES;
				CODE_SIGN_IDENTITY = "iPhone Developer";
				COPY_PHASE_STRIP = NO;
				DEBUG_INFORMATION_FORMAT = dwarf;
				ENABLE_STRICT_OBJC_MSGSEND = YES;
				ENABLE_TESTABILITY = YES;
				GCC_C_LANGUAGE_STANDARD = gnu11;
				GCC_DYNAMIC_NO_PIC = NO;
				GCC_NO_COMMON_BLOCKS = YES;
				GCC_OPTIMIZATION_LEVEL = 0;
				GCC_PREPROCESSOR_DEFINITIONS = (
					"DEBUG=1",
					"$(inherited)",
				);
				GCC_WARN_64_TO_32_BIT_CONVERSION = YES;
				GCC_WARN_ABOUT_RETURN_TYPE = YES_ERROR;
				GCC_WARN_UNDECLARED_SELECTOR = YES;
				GCC_WARN_UNINITIALIZED_AUTOS = YES_AGGRESSIVE;
				GCC_WARN_UNUSED_FUNCTION = YES;
				GCC_WARN_UNUSED_VARIABLE = YES;
				IPHONEOS_DEPLOYMENT_TARGET = 12.0;
				MTL_ENABLE_DEBUG_INFO = INCLUDE_SOURCE;
				ONLY_ACTIVE_ARCH = YES;
				SDKROOT = iphoneos;
				SWIFT_ACTIVE_COMPILATION_CONDITIONS = DEBUG;
				SWIFT_OPTIMIZATION_LEVEL = "-Onone";
			};
			name = Debug;
		};
		6E254DE1210494030026FED7 /* Release */ = {
			isa = XCBuildConfiguration;
			buildSettings = {
				ALWAYS_SEARCH_USER_PATHS = NO;
				CLANG_ANALYZER_NONNULL = YES;
				CLANG_ANALYZER_NUMBER_OBJECT_CONVERSION = YES_AGGRESSIVE;
				CLANG_CXX_LANGUAGE_STANDARD = "gnu++14";
				CLANG_CXX_LIBRARY = "libc++";
				CLANG_ENABLE_MODULES = YES;
				CLANG_ENABLE_OBJC_ARC = YES;
				CLANG_ENABLE_OBJC_WEAK = YES;
				CLANG_WARN_BLOCK_CAPTURE_AUTORELEASING = YES;
				CLANG_WARN_BOOL_CONVERSION = YES;
				CLANG_WARN_COMMA = YES;
				CLANG_WARN_CONSTANT_CONVERSION = YES;
				CLANG_WARN_DEPRECATED_OBJC_IMPLEMENTATIONS = YES;
				CLANG_WARN_DIRECT_OBJC_ISA_USAGE = YES_ERROR;
				CLANG_WARN_DOCUMENTATION_COMMENTS = YES;
				CLANG_WARN_EMPTY_BODY = YES;
				CLANG_WARN_ENUM_CONVERSION = YES;
				CLANG_WARN_INFINITE_RECURSION = YES;
				CLANG_WARN_INT_CONVERSION = YES;
				CLANG_WARN_NON_LITERAL_NULL_CONVERSION = YES;
				CLANG_WARN_OBJC_IMPLICIT_RETAIN_SELF = YES;
				CLANG_WARN_OBJC_LITERAL_CONVERSION = YES;
				CLANG_WARN_OBJC_ROOT_CLASS = YES_ERROR;
				CLANG_WARN_RANGE_LOOP_ANALYSIS = YES;
				CLANG_WARN_STRICT_PROTOTYPES = YES;
				CLANG_WARN_SUSPICIOUS_MOVE = YES;
				CLANG_WARN_UNGUARDED_AVAILABILITY = YES_AGGRESSIVE;
				CLANG_WARN_UNREACHABLE_CODE = YES;
				CLANG_WARN__DUPLICATE_METHOD_MATCH = YES;
				CODE_SIGN_IDENTITY = "iPhone Developer";
				COPY_PHASE_STRIP = NO;
				DEBUG_INFORMATION_FORMAT = "dwarf-with-dsym";
				ENABLE_NS_ASSERTIONS = NO;
				ENABLE_STRICT_OBJC_MSGSEND = YES;
				GCC_C_LANGUAGE_STANDARD = gnu11;
				GCC_NO_COMMON_BLOCKS = YES;
				GCC_WARN_64_TO_32_BIT_CONVERSION = YES;
				GCC_WARN_ABOUT_RETURN_TYPE = YES_ERROR;
				GCC_WARN_UNDECLARED_SELECTOR = YES;
				GCC_WARN_UNINITIALIZED_AUTOS = YES_AGGRESSIVE;
				GCC_WARN_UNUSED_FUNCTION = YES;
				GCC_WARN_UNUSED_VARIABLE = YES;
				IPHONEOS_DEPLOYMENT_TARGET = 12.0;
				MTL_ENABLE_DEBUG_INFO = NO;
				SDKROOT = iphoneos;
				SWIFT_COMPILATION_MODE = wholemodule;
				SWIFT_OPTIMIZATION_LEVEL = "-O";
				VALIDATE_PRODUCT = YES;
			};
			name = Release;
		};
		6E254DE3210494030026FED7 /* Debug */ = {
			isa = XCBuildConfiguration;
			baseConfigurationReference = F7D1BA10AC36A60E45B460C2 /* Pods-DemoWikiSearch.debug.xcconfig */;
			buildSettings = {
				ASSETCATALOG_COMPILER_APPICON_NAME = AppIcon;
				CODE_SIGN_IDENTITY = "iPhone Developer";
				CODE_SIGN_STYLE = Automatic;
				DEVELOPMENT_TEAM = 45S5U7KJGD;
				INFOPLIST_FILE = DemoWikiSearch/Info.plist;
				LD_RUNPATH_SEARCH_PATHS = (
					"$(inherited)",
					"@executable_path/Frameworks",
				);
				PRODUCT_BUNDLE_IDENTIFIER = com.Testing.DemoWikiSearch;
				PRODUCT_NAME = "$(TARGET_NAME)";
				PROVISIONING_PROFILE_SPECIFIER = "";
				SWIFT_VERSION = 4.2;
				TARGETED_DEVICE_FAMILY = "1,2";
			};
			name = Debug;
		};
		6E254DE4210494030026FED7 /* Release */ = {
			isa = XCBuildConfiguration;
			baseConfigurationReference = 6CE2E96ACAB6D7B5D6E6F2F1 /* Pods-DemoWikiSearch.release.xcconfig */;
			buildSettings = {
				ASSETCATALOG_COMPILER_APPICON_NAME = AppIcon;
				CODE_SIGN_IDENTITY = "iPhone Developer";
				CODE_SIGN_STYLE = Automatic;
				DEVELOPMENT_TEAM = 45S5U7KJGD;
				INFOPLIST_FILE = DemoWikiSearch/Info.plist;
				LD_RUNPATH_SEARCH_PATHS = (
					"$(inherited)",
					"@executable_path/Frameworks",
				);
				PRODUCT_BUNDLE_IDENTIFIER = com.Testing.DemoWikiSearch;
				PRODUCT_NAME = "$(TARGET_NAME)";
				PROVISIONING_PROFILE_SPECIFIER = "";
				SWIFT_VERSION = 4.2;
				TARGETED_DEVICE_FAMILY = "1,2";
			};
			name = Release;
		};
		6E254DE6210494030026FED7 /* Debug */ = {
			isa = XCBuildConfiguration;
			baseConfigurationReference = 5539D6369EF4194FD91C1CC3 /* Pods-DemoWikiSearchTests.debug.xcconfig */;
			buildSettings = {
				ALWAYS_EMBED_SWIFT_STANDARD_LIBRARIES = YES;
				BUNDLE_LOADER = "$(TEST_HOST)";
				CODE_SIGN_STYLE = Automatic;
				INFOPLIST_FILE = DemoWikiSearchTests/Info.plist;
				LD_RUNPATH_SEARCH_PATHS = (
					"$(inherited)",
					"@executable_path/Frameworks",
					"@loader_path/Frameworks",
				);
				PRODUCT_BUNDLE_IDENTIFIER = com.Testing.DemoWikiSearchTests;
				PRODUCT_NAME = "$(TARGET_NAME)";
				SWIFT_VERSION = 4.2;
				TARGETED_DEVICE_FAMILY = "1,2";
				TEST_HOST = "$(BUILT_PRODUCTS_DIR)/DemoWikiSearch.app/DemoWikiSearch";
			};
			name = Debug;
		};
		6E254DE7210494030026FED7 /* Release */ = {
			isa = XCBuildConfiguration;
			baseConfigurationReference = 9DB557F73CBCC054B2C4A449 /* Pods-DemoWikiSearchTests.release.xcconfig */;
			buildSettings = {
				ALWAYS_EMBED_SWIFT_STANDARD_LIBRARIES = YES;
				BUNDLE_LOADER = "$(TEST_HOST)";
				CODE_SIGN_STYLE = Automatic;
				INFOPLIST_FILE = DemoWikiSearchTests/Info.plist;
				LD_RUNPATH_SEARCH_PATHS = (
					"$(inherited)",
					"@executable_path/Frameworks",
					"@loader_path/Frameworks",
				);
				PRODUCT_BUNDLE_IDENTIFIER = com.Testing.DemoWikiSearchTests;
				PRODUCT_NAME = "$(TARGET_NAME)";
				SWIFT_VERSION = 4.2;
				TARGETED_DEVICE_FAMILY = "1,2";
				TEST_HOST = "$(BUILT_PRODUCTS_DIR)/DemoWikiSearch.app/DemoWikiSearch";
			};
			name = Release;
		};
		6E254DE9210494030026FED7 /* Debug */ = {
			isa = XCBuildConfiguration;
			baseConfigurationReference = 2B67CED1F7C0CA006BF467DB /* Pods-DemoWikiSearchUITests.debug.xcconfig */;
			buildSettings = {
				ALWAYS_EMBED_SWIFT_STANDARD_LIBRARIES = YES;
				CODE_SIGN_STYLE = Automatic;
				INFOPLIST_FILE = DemoWikiSearchUITests/Info.plist;
				LD_RUNPATH_SEARCH_PATHS = (
					"$(inherited)",
					"@executable_path/Frameworks",
					"@loader_path/Frameworks",
				);
				PRODUCT_BUNDLE_IDENTIFIER = com.Testing.DemoWikiSearchUITests;
				PRODUCT_NAME = "$(TARGET_NAME)";
				SWIFT_VERSION = 4.2;
				TARGETED_DEVICE_FAMILY = "1,2";
				TEST_TARGET_NAME = DemoWikiSearch;
			};
			name = Debug;
		};
		6E254DEA210494030026FED7 /* Release */ = {
			isa = XCBuildConfiguration;
			baseConfigurationReference = 52677A329604709A53D199C8 /* Pods-DemoWikiSearchUITests.release.xcconfig */;
			buildSettings = {
				ALWAYS_EMBED_SWIFT_STANDARD_LIBRARIES = YES;
				CODE_SIGN_STYLE = Automatic;
				INFOPLIST_FILE = DemoWikiSearchUITests/Info.plist;
				LD_RUNPATH_SEARCH_PATHS = (
					"$(inherited)",
					"@executable_path/Frameworks",
					"@loader_path/Frameworks",
				);
				PRODUCT_BUNDLE_IDENTIFIER = com.Testing.DemoWikiSearchUITests;
				PRODUCT_NAME = "$(TARGET_NAME)";
				SWIFT_VERSION = 4.2;
				TARGETED_DEVICE_FAMILY = "1,2";
				TEST_TARGET_NAME = DemoWikiSearch;
			};
			name = Release;
		};
/* End XCBuildConfiguration section */

/* Begin XCConfigurationList section */
		6E254DB2210494010026FED7 /* Build configuration list for PBXProject "DemoWikiSearch" */ = {
			isa = XCConfigurationList;
			buildConfigurations = (
				6E254DE0210494030026FED7 /* Debug */,
				6E254DE1210494030026FED7 /* Release */,
			);
			defaultConfigurationIsVisible = 0;
			defaultConfigurationName = Release;
		};
		6E254DE2210494030026FED7 /* Build configuration list for PBXNativeTarget "DemoWikiSearch" */ = {
			isa = XCConfigurationList;
			buildConfigurations = (
				6E254DE3210494030026FED7 /* Debug */,
				6E254DE4210494030026FED7 /* Release */,
			);
			defaultConfigurationIsVisible = 0;
			defaultConfigurationName = Release;
		};
		6E254DE5210494030026FED7 /* Build configuration list for PBXNativeTarget "DemoWikiSearchTests" */ = {
			isa = XCConfigurationList;
			buildConfigurations = (
				6E254DE6210494030026FED7 /* Debug */,
				6E254DE7210494030026FED7 /* Release */,
			);
			defaultConfigurationIsVisible = 0;
			defaultConfigurationName = Release;
		};
		6E254DE8210494030026FED7 /* Build configuration list for PBXNativeTarget "DemoWikiSearchUITests" */ = {
			isa = XCConfigurationList;
			buildConfigurations = (
				6E254DE9210494030026FED7 /* Debug */,
				6E254DEA210494030026FED7 /* Release */,
			);
			defaultConfigurationIsVisible = 0;
			defaultConfigurationName = Release;
		};
/* End XCConfigurationList section */

/* Begin XCVersionGroup section */
		6E254DC1210494010026FED7 /* DemoWikiSearch.xcdatamodeld */ = {
			isa = XCVersionGroup;
			children = (
				6E254DC2210494010026FED7 /* DemoWikiSearch.xcdatamodel */,
			);
			currentVersion = 6E254DC2210494010026FED7 /* DemoWikiSearch.xcdatamodel */;
			path = DemoWikiSearch.xcdatamodeld;
			sourceTree = "<group>";
			versionGroupType = wrapper.xcdatamodel;
		};
/* End XCVersionGroup section */
	};
	rootObject = 6E254DAF210494010026FED7 /* Project object */;
}
